{
    "hash": "37017a631fda8230acb9b738b9c8cb3b",
    "packages": [
        {
            "name": "digital-canvas/zend-framework",
            "version": "dev-master",
            "source": {
                "type": "git",
                "url": "https://github.com/digital-canvas/zend-framework",
                "reference": "1.12.0"
            },
            "dist": {
                "type": "zip",
                "url": "https://github.com/digital-canvas/zend-framework/archive/1.12.0.zip",
                "reference": "1.12.0",
                "shasum": ""
            },
            "require": {
                "php": ">=5.2.4"
            },
            "time": "2012-08-31 19:22:38",
            "type": "library",
            "installation-source": "source",
            "autoload": {
                "psr-0": {
                    "Zend_": "library/",
                    "ZendX_": "library/"
                }
            },
            "include-path": [
                "library/"
            ],
            "license": [
                "BSD-3-Clause"
            ],
            "description": "Zend Framework with only the libraries and require_once() calls commented out for better performance with an autoloader.",
            "homepage": "https://github.com/digital-canvas/zend-framework",
            "keywords": [
                "zend",
                "Zend Framework",
                "ZF1",
                "zf"
            ]
        },
        {
            "name": "jbroadway/urlify",
            "version": "dev-master",
            "source": {
                "type": "git",
                "url": "https://github.com/jbroadway/urlify",
                "reference": "e263633fa41986c4fe82f3089451ff43611608fc"
            },
            "dist": {
                "type": "zip",
                "url": "https://github.com/jbroadway/urlify/archive/e263633fa41986c4fe82f3089451ff43611608fc.zip",
                "reference": "e263633fa41986c4fe82f3089451ff43611608fc",
                "shasum": ""
            },
            "require": {
                "php": ">=5.3.0"
            },
            "time": "2012-09-19 14:01:18",
            "type": "library",
            "installation-source": "source",
            "autoload": {
                "psr-0": {
                    "URLify": ""
                }
            },
            "license": [
                "MIT"
            ],
            "authors": [
                {
                    "name": "Johnny Broadway",
                    "email": "johnny@johnnybroadway.com",
                    "homepage": "http://www.johnnybroadway.com/"
                }
            ],
            "description": "PHP port of URLify.js from the Django project. Transliterates non-ascii characters for use in URLs.",
            "homepage": "https://github.com/jbroadway/urlify",
            "keywords": [
                "url",
                "link",
                "slug",
                "encode",
                "urlify",
                "transliterate",
                "translit",
                "transliteration",
                "iconv"
            ]
        },
        {
            "name": "spekkionu/htmlpurifier",
            "version": "dev-master",
            "source": {
                "type": "git",
                "url": "https://github.com/spekkionu/htmlpurifier",
                "reference": "95e16443811da5dd1b5e4ef800c1d636fadfbeee"
            },
            "dist": {
                "type": "zip",
                "url": "https://github.com/spekkionu/htmlpurifier/archive/95e16443811da5dd1b5e4ef800c1d636fadfbeee.zip",
                "reference": "95e16443811da5dd1b5e4ef800c1d636fadfbeee",
                "shasum": ""
            },
            "require": {
                "php": ">=5.2.4"
            },
            "time": "2012-07-30 16:34:03",
            "type": "library",
            "installation-source": "source",
            "autoload": {
                "psr-0": {
                    "HTMLPurifier": "",
                    "HTMLPurifier_": "HTMLPurifier/"
                }
            },
            "license": [
                "LGPL-2.0"
            ],
            "description": "HTML Purifier is a standards-compliant HTML filter library written in PHP.",
            "homepage": "http://htmlpurifier.org/"
        },
        {
            "name": "spekkionu/wideimage",
            "version": "dev-master",
            "source": {
                "type": "git",
                "url": "https://github.com/spekkionu/wideimage",
                "reference": "8c66e974f3bded4bcebf7f688df584eb4c102672"
            },
            "dist": {
                "type": "zip",
                "url": "https://github.com/spekkionu/wideimage/archive/8c66e974f3bded4bcebf7f688df584eb4c102672.zip",
                "reference": "8c66e974f3bded4bcebf7f688df584eb4c102672",
                "shasum": ""
            },
            "time": "2012-10-21 00:03:36",
            "type": "library",
            "installation-source": "source",
            "autoload": {
                "psr-0": {
                    "WideImage": "",
                    "WideImage_": "WideImage/"
                }
            },
            "license": [
                "GPL-2.0",
                "LGPL-2.1"
            ],
            "description": "An open-source PHP library for image manipulation",
            "homepage": "http://wideimage.sourceforge.net"
        },
        {
            "name": "spekkionu/zfdebug",
            "version": "dev-master",
            "source": {
                "type": "git",
                "url": "https://github.com/spekkionu/ZFDebug",
                "reference": "359a4423f7850c41c9af4b3998b335d815f1e220"
            },
            "dist": {
                "type": "zip",
                "url": "https://github.com/spekkionu/ZFDebug/archive/359a4423f7850c41c9af4b3998b335d815f1e220.zip",
                "reference": "359a4423f7850c41c9af4b3998b335d815f1e220",
                "shasum": ""
            },
            "time": "2012-09-17 05:19:50",
            "type": "library",
            "installation-source": "source",
            "autoload": {
                "classmap": [
                    "library/"
                ]
            },
            "license": [
                "BSD-2-Clause"
            ],
            "description": "Debug bar for Zend Framework 1"
        },
        {
            "name": "symfony/console",
            "version": "v2.1.3",
            "target-dir": "Symfony/Component/Console",
            "source": {
                "type": "git",
                "url": "https://github.com/symfony/Console",
                "reference": "v2.1.3"
            },
            "dist": {
                "type": "zip",
                "url": "https://github.com/symfony/Console/zipball/v2.1.3",
                "reference": "v2.1.3",
                "shasum": ""
            },
            "require": {
                "php": ">=5.3.3"
            },
            "time": "2012-10-22 07:37:12",
            "type": "library",
            "extra": {
                "branch-alias": {
                    "dev-master": "2.1-dev"
                }
            },
            "installation-source": "dist",
            "autoload": {
                "psr-0": {
                    "Symfony\\Component\\Console": ""
                }
            },
            "license": [
                "MIT"
            ],
            "authors": [
                {
                    "name": "Fabien Potencier",
                    "email": "fabien@symfony.com"
                },
                {
                    "name": "Symfony Community",
                    "homepage": "http://symfony.com/contributors"
                }
            ],
            "description": "Symfony Console Component",
            "homepage": "http://symfony.com"
        },
        {
            "name": "symfony/filesystem",
            "version": "v2.1.3",
            "target-dir": "Symfony/Component/Filesystem",
            "source": {
                "type": "git",
                "url": "https://github.com/symfony/Filesystem",
                "reference": "v2.1.3"
            },
            "dist": {
                "type": "zip",
                "url": "https://github.com/symfony/Filesystem/zipball/v2.1.3",
                "reference": "v2.1.3",
                "shasum": ""
            },
            "require": {
                "php": ">=5.3.3"
            },
            "time": "2012-10-20 00:10:30",
            "type": "library",
            "extra": {
                "branch-alias": {
                    "dev-master": "2.1-dev"
                }
            },
            "installation-source": "dist",
            "autoload": {
                "psr-0": {
                    "Symfony\\Component\\Filesystem": ""
                }
            },
            "license": [
                "MIT"
            ],
            "authors": [
                {
                    "name": "Fabien Potencier",
                    "email": "fabien@symfony.com"
                },
                {
                    "name": "Symfony Community",
                    "homepage": "http://symfony.com/contributors"
                }
            ],
            "description": "Symfony Filesystem Component",
            "homepage": "http://symfony.com"
        },
        {
            "name": "symfony/finder",
            "version": "v2.1.3",
            "target-dir": "Symfony/Component/Finder",
            "source": {
                "type": "git",
                "url": "https://github.com/symfony/Finder",
                "reference": "v2.1.3"
            },
            "dist": {
                "type": "zip",
                "url": "https://github.com/symfony/Finder/zipball/v2.1.3",
                "reference": "v2.1.3",
                "shasum": ""
            },
            "require": {
                "php": ">=5.3.3"
            },
            "time": "2012-10-20 00:10:30",
            "type": "library",
            "extra": {
                "branch-alias": {
                    "dev-master": "2.1-dev"
                }
            },
            "installation-source": "dist",
            "autoload": {
                "psr-0": {
                    "Symfony\\Component\\Finder": ""
                }
            },
            "license": [
                "MIT"
            ],
            "authors": [
                {
                    "name": "Fabien Potencier",
                    "email": "fabien@symfony.com"
                },
                {
                    "name": "Symfony Community",
                    "homepage": "http://symfony.com/contributors"
                }
            ],
            "description": "Symfony Finder Component",
            "homepage": "http://symfony.com"
        },
        {
            "name": "symfony/process",
            "version": "v2.1.3",
            "target-dir": "Symfony/Component/Process",
            "source": {
                "type": "git",
                "url": "https://github.com/symfony/Process",
                "reference": "v2.1.3"
            },
            "dist": {
                "type": "zip",
                "url": "https://github.com/symfony/Process/zipball/v2.1.3",
                "reference": "v2.1.3",
                "shasum": ""
            },
            "require": {
                "php": ">=5.3.3"
            },
            "time": "2012-10-20 00:10:30",
            "type": "library",
            "extra": {
                "branch-alias": {
                    "dev-master": "2.1-dev"
                }
            },
            "installation-source": "dist",
            "autoload": {
                "psr-0": {
                    "Symfony\\Component\\Process": ""
                }
            },
            "license": [
                "MIT"
            ],
            "authors": [
                {
                    "name": "Fabien Potencier",
                    "email": "fabien@symfony.com"
                },
                {
                    "name": "Symfony Community",
                    "homepage": "http://symfony.com/contributors"
                }
            ],
            "description": "Symfony Process Component",
            "homepage": "http://symfony.com"
        },
        {
            "name": "symfony/yaml",
            "version": "v2.1.3",
            "target-dir": "Symfony/Component/Yaml",
            "source": {
                "type": "git",
                "url": "https://github.com/symfony/Yaml",
                "reference": "v2.1.3"
            },
            "dist": {
                "type": "zip",
                "url": "https://github.com/symfony/Yaml/zipball/v2.1.3",
                "reference": "v2.1.3",
                "shasum": ""
            },
            "require": {
                "php": ">=5.3.3"
            },
            "time": "2012-10-29 04:15:41",
            "type": "library",
            "extra": {
                "branch-alias": {
                    "dev-master": "2.1-dev"
                }
            },
            "installation-source": "dist",
            "autoload": {
                "psr-0": {
                    "Symfony\\Component\\Yaml": ""
                }
            },
            "license": [
                "MIT"
            ],
            "authors": [
                {
                    "name": "Fabien Potencier",
                    "email": "fabien@symfony.com"
                },
                {
                    "name": "Symfony Community",
                    "homepage": "http://symfony.com/contributors"
                }
            ],
            "description": "Symfony Yaml Component",
            "homepage": "http://symfony.com"
        },
        {
            "name": "ziadoz/bcrypt",
            "version": "dev-default",
            "source": {
                "type": "hg",
                "url": "https://bitbucket.org/ziadoz/bcrypt",
                "reference": "tip"
            },
            "dist": {
                "type": "zip",
                "url": "https://bitbucket.org/ziadoz/bcrypt/get/tip.zip",
                "reference": "tip",
                "shasum": ""
            },
            "require": {
                "php": ">=5.3.0"
            },
            "time": "2012-10-25 03:14:36",
            "type": "library",
            "installation-source": "source",
            "autoload": {
                "psr-0": {
                    "Ziadoz": "src/"
                }
            },
            "license": [
                "MIT"
            ],
            "authors": [
                {
                    "name": "Ziadoz"
                }
            ],
            "description": "A simple BCrypt password hashing library.",
            "homepage": "https://bitbucket.org/ziadoz/bcrypt",
            "keywords": [
                "password",
                "hash",
                "blowfish",
                "bcrypt"
            ]
        }
    ],
    "packages-dev": [
        {
            "name": "doctrine/doctrine1",
            "version": "v1.2.5",
            "source": {
                "type": "git",
                "url": "git://github.com/doctrine/doctrine1.git",
                "reference": "v1.2.5"
            },
            "dist": {
                "type": "zip",
                "url": "https://github.com/doctrine/doctrine1/zipball/v1.2.5",
                "reference": "v1.2.5",
                "shasum": ""
            },
            "require": {
                "php": ">=5.2.3",
                "ext-pdo": "*"
            },
            "time": "2012-04-01 10:53:05",
            "type": "library",
            "installation-source": "dist",
            "autoload": {
                "psr-0": {
                    "Doctrine_": "lib/"
                }
            },
            "license": [
                "LGPL"
            ],
            "authors": [
                {
                    "name": "Jonathan Wage",
                    "email": "jonwage@gmail.com",
                    "homepage": "http://www.jwage.com/"
                },
                {
                    "name": "Konsta Vesterinen",
                    "email": "kvesteri@cc.hut.fi"
                }
            ],
            "description": "PHP5 Database ORM",
            "homepage": "http://www.doctrine-project.org",
            "keywords": [
                "database",
                "orm"
            ]
        },
        {
            "name": "kriswallsmith/assetic",
            "version": "v1.0.4",
            "source": {
                "type": "git",
                "url": "http://github.com/kriswallsmith/assetic.git",
                "reference": "v1.0.4"
            },
            "dist": {
                "type": "zip",
                "url": "https://github.com/kriswallsmith/assetic/zipball/v1.0.4",
                "reference": "v1.0.4",
                "shasum": ""
            },
            "require": {
                "php": ">=5.3.1"
            },
            "time": "2012-08-28 05:18:28",
            "type": "library",
            "installation-source": "dist",
            "autoload": {
                "psr-0": {
                    "Assetic": "src/"
                }
            },
            "license": [
                "MIT"
            ],
            "authors": [
                {
                    "name": "Kris Wallsmith",
                    "email": "kris.wallsmith@gmail.com",
                    "homepage": "http://kriswallsmith.net/"
                }
            ],
            "description": "Asset Management for PHP",
            "homepage": "https://github.com/kriswallsmith/assetic",
            "keywords": [
                "assets",
                "compression",
                "minification"
            ]
        },
        {
            "name": "leafo/lessphp",
            "version": "v0.3.8",
            "source": {
                "type": "git",
                "url": "http://github.com/leafo/lessphp",
                "reference": "v0.3.8"
            },
            "dist": {
                "type": "zip",
                "url": "https://github.com/leafo/lessphp/zipball/v0.3.8",
                "reference": "v0.3.8",
                "shasum": ""
            },
            "time": "2012-08-18 19:16:09",
            "type": "library",
            "installation-source": "dist",
            "autoload": {
                "classmap": [
                    "lessc.inc.php"
                ]
            },
            "license": [
                "MIT",
                "GPL-3.0"
            ],
            "authors": [
                {
                    "name": "Leaf Corcoran",
                    "email": "leafot@gmail.com",
                    "homepage": "http://leafo.net"
                }
            ],
            "description": "lessphp is a compiler for LESS written in PHP.",
            "homepage": "http://leafo.net/lessphp/"
        },
        {
            "name": "symfony/browser-kit",
            "version": "v2.1.3",
            "target-dir": "Symfony/Component/BrowserKit",
            "source": {
                "type": "git",
                "url": "https://github.com/symfony/BrowserKit",
                "reference": "v2.1.3"
            },
            "dist": {
                "type": "zip",
                "url": "https://github.com/symfony/BrowserKit/zipball/v2.1.3",
                "reference": "v2.1.3",
                "shasum": ""
            },
            "require": {
                "php": ">=5.3.3",
                "symfony/dom-crawler": "2.1.*"
            },
            "require-dev": {
                "symfony/process": "2.1.*",
                "symfony/css-selector": "2.1.*"
            },
            "suggest": {
                "symfony/process": "2.1.*"
            },
            "time": "2012-10-25 06:11:50",
            "type": "library",
            "extra": {
                "branch-alias": {
                    "dev-master": "2.1-dev"
                }
            },
            "installation-source": "dist",
            "autoload": {
                "psr-0": {
                    "Symfony\\Component\\BrowserKit": ""
                }
            },
            "license": [
                "MIT"
            ],
            "authors": [
                {
                    "name": "Fabien Potencier",
                    "email": "fabien@symfony.com"
                },
                {
                    "name": "Symfony Community",
                    "homepage": "http://symfony.com/contributors"
                }
            ],
            "description": "Symfony BrowserKit Component",
            "homepage": "http://symfony.com"
        },
        {
            "name": "symfony/css-selector",
            "version": "v2.1.3",
            "target-dir": "Symfony/Component/CssSelector",
            "source": {
                "type": "git",
                "url": "https://github.com/symfony/CssSelector",
                "reference": "v2.1.3"
            },
            "dist": {
                "type": "zip",
                "url": "https://github.com/symfony/CssSelector/zipball/v2.1.3",
                "reference": "v2.1.3",
                "shasum": ""
            },
            "require": {
                "php": ">=5.3.3"
            },
            "time": "2012-10-04 08:17:57",
            "type": "library",
            "extra": {
                "branch-alias": {
                    "dev-master": "2.1-dev"
                }
            },
            "installation-source": "dist",
            "autoload": {
                "psr-0": {
                    "Symfony\\Component\\CssSelector": ""
                }
            },
            "license": [
                "MIT"
            ],
            "authors": [
                {
                    "name": "Fabien Potencier",
                    "email": "fabien@symfony.com"
                },
                {
                    "name": "Symfony Community",
                    "homepage": "http://symfony.com/contributors"
                }
            ],
            "description": "Symfony CssSelector Component",
            "homepage": "http://symfony.com"
        },
        {
            "name": "symfony/dom-crawler",
            "version": "v2.1.3",
            "target-dir": "Symfony/Component/DomCrawler",
            "source": {
                "type": "git",
                "url": "https://github.com/symfony/DomCrawler",
                "reference": "v2.1.3"
            },
            "dist": {
                "type": "zip",
                "url": "https://github.com/symfony/DomCrawler/zipball/v2.1.3",
                "reference": "v2.1.3",
                "shasum": ""
            },
            "require": {
                "php": ">=5.3.3"
            },
            "require-dev": {
                "symfony/css-selector": "2.1.*"
            },
            "suggest": {
                "symfony/css-selector": "2.1.*"
            },
            "time": "2012-10-18 14:16:01",
            "type": "library",
            "extra": {
                "branch-alias": {
                    "dev-master": "2.1-dev"
                }
            },
            "installation-source": "dist",
            "autoload": {
                "psr-0": {
                    "Symfony\\Component\\DomCrawler": ""
                }
            },
            "license": [
                "MIT"
            ],
            "authors": [
                {
                    "name": "Fabien Potencier",
                    "email": "fabien@symfony.com"
                },
                {
                    "name": "Symfony Community",
                    "homepage": "http://symfony.com/contributors"
                }
            ],
            "description": "Symfony DomCrawler Component",
            "homepage": "http://symfony.com"
        },
        {
            "name": "symfony/event-dispatcher",
            "version": "v2.1.3",
            "target-dir": "Symfony/Component/EventDispatcher",
            "source": {
                "type": "git",
                "url": "https://github.com/symfony/EventDispatcher",
                "reference": "v2.1.3"
            },
            "dist": {
                "type": "zip",
                "url": "https://github.com/symfony/EventDispatcher/zipball/v2.1.3",
                "reference": "v2.1.3",
                "shasum": ""
            },
            "require": {
                "php": ">=5.3.3"
            },
            "require-dev": {
                "symfony/dependency-injection": "2.1.*"
            },
            "suggest": {
                "symfony/dependency-injection": "2.1.*",
                "symfony/http-kernel": "2.1.*"
            },
            "time": "2012-10-04 08:17:57",
            "type": "library",
            "extra": {
                "branch-alias": {
                    "dev-master": "2.1-dev"
                }
            },
            "installation-source": "dist",
            "autoload": {
                "psr-0": {
                    "Symfony\\Component\\EventDispatcher": ""
                }
            },
            "license": [
                "MIT"
            ],
            "authors": [
                {
                    "name": "Fabien Potencier",
                    "email": "fabien@symfony.com"
                },
                {
                    "name": "Symfony Community",
                    "homepage": "http://symfony.com/contributors"
                }
            ],
            "description": "Symfony EventDispatcher Component",
            "homepage": "http://symfony.com"
        }
    ],
    "aliases": [
        {
            "alias": "1.12.0",
            "alias_normalized": "1.12.0.0",
            "version": "9999999-dev",
            "package": "digital-canvas/zend-framework"
        },
        {
            "alias": "4.4.0",
            "alias_normalized": "4.4.0.0",
            "version": "9999999-dev",
            "package": "spekkionu/htmlpurifier"
        },
        {
            "alias": "11.02.19",
            "alias_normalized": "11.02.19.0",
            "version": "9999999-dev",
            "package": "spekkionu/wideimage"
        },
        {
            "alias": "1.6",
            "alias_normalized": "1.6.0.0",
            "version": "9999999-dev",
            "package": "spekkionu/zfdebug"
        }
    ],
    "minimum-stability": "stable",
    "stability-flags": {
        "digital-canvas/zend-framework": 20,
        "spekkionu/htmlpurifier": 20,
        "spekkionu/wideimage": 20,
        "jbroadway/urlify": 20,
        "spekkionu/zfdebug": 20,
        "ziadoz/bcrypt": 20
    }
}
